// !$*UTF8*$!
{
	archiveVersion = 1;
	classes = {
	};
	objectVersion = 46;
	objects = {

/* Begin PBXBuildFile section */
		B1D9AF241A880BEE00378BE2 /* main.c in Sources */ = {isa = PBXBuildFile; fileRef = B1D9AF231A880BEE00378BE2 /* main.c */; };
/* End PBXBuildFile section */

/* Begin PBXCopyFilesBuildPhase section */
		B1D9AF1E1A880BEE00378BE2 /* CopyFiles */ = {
			isa = PBXCopyFilesBuildPhase;
			buildActionMask = 2147483647;
			dstPath = /usr/share/man/man1/;
			dstSubfolderSpec = 0;
			files = (
			);
			runOnlyForDeploymentPostprocessing = 1;
		};
/* End PBXCopyFilesBuildPhase section */

/* Begin PBXFileReference section */
		B1D9AF201A880BEE00378BE2 /* PBR */ = {isa = PBXFileReference; explicitFileType = "compiled.mach-o.executable"; includeInIndex = 0; path = PBR; sourceTree = BUILT_PRODUCTS_DIR; };
		B1D9AF231A880BEE00378BE2 /* main.c */ = {isa = PBXFileReference; lastKnownFileType = sourcecode.c.c; path = main.c; sourceTree = "<group>"; };
/* End PBXFileReference section */

/* Begin PBXFrameworksBuildPhase section */
		B1D9AF1D1A880BEE00378BE2 /* Frameworks */ = {
			isa = PBXFrameworksBuildPhase;
			buildActionMask = 2147483647;
			files = (
			);
			runOnlyForDeploymentPostprocessing = 0;
		};
/* End PBXFrameworksBuildPhase section */

/* Begin PBXGroup section */
		B1D9AF171A880BEE00378BE2 = {
			isa = PBXGroup;
			children = (
				B1D9AF221A880BEE00378BE2 /* PBR */,
				B1D9AF211A880BEE00378BE2 /* Products */,
			);
			sourceTree = "<group>";
		};
		B1D9AF211A880BEE00378BE2 /* Products */ = {
			isa = PBXGroup;
			children = (
				B1D9AF201A880BEE00378BE2 /* PBR */,
			);
			name = Products;
			sourceTree = "<group>";
		};
		B1D9AF221A880BEE00378BE2 /* PBR */ = {
			isa = PBXGroup;
			children = (
				B1D9AF231A880BEE00378BE2 /* main.c */,
			);
			path = PBR;
			sourceTree = "<group>";
		};
/* End PBXGroup section */

/* Begin PBXNativeTarget section */
		B1D9AF1F1A880BEE00378BE2 /* PBR */ = {
			isa = PBXNativeTarget;
			buildConfigurationList = B1D9AF271A880BEE00378BE2 /* Build configuration list for PBXNativeTarget "PBR" */;
			buildPhases = (
				B1D9AF1C1A880BEE00378BE2 /* Sources */,
				B1D9AF1D1A880BEE00378BE2 /* Frameworks */,
				B1D9AF1E1A880BEE00378BE2 /* CopyFiles */,
			);
			buildRules = (
			);
			dependencies = (
			);
			name = PBR;
			productName = PBR;
			productReference = B1D9AF201A880BEE00378BE2 /* PBR */;
			productType = "com.apple.product-type.tool";
		};
/* End PBXNativeTarget section */

/* Begin PBXProject section */
		B1D9AF181A880BEE00378BE2 /* Project object */ = {
			isa = PBXProject;
			attributes = {
				LastUpgradeCheck = 0610;
				ORGANIZATIONNAME = FunderDevelopment;
				TargetAttributes = {
					B1D9AF1F1A880BEE00378BE2 = {
						CreatedOnToolsVersion = 6.1.1;
					};
				};
			};
			buildConfigurationList = B1D9AF1B1A880BEE00378BE2 /* Build configuration list for PBXProject "PBR" */;
			compatibilityVersion = "Xcode 3.2";
			developmentRegion = English;
			hasScannedForEncodings = 0;
			knownRegions = (
				en,
			);
			mainGroup = B1D9AF171A880BEE00378BE2;
			productRefGroup = B1D9AF211A880BEE00378BE2 /* Products */;
			projectDirPath = "";
			projectRoot = "";
			targets = (
				B1D9AF1F1A880BEE00378BE2 /* PBR */,
			);
		};
/* End PBXProject section */

/* Begin PBXSourcesBuildPhase section */
		B1D9AF1C1A880BEE00378BE2 /* Sources */ = {
			isa = PBXSourcesBuildPhase;
			buildActionMask = 2147483647;
			files = (
				B1D9AF241A880BEE00378BE2 /* main.c in Sources */,
			);
			runOnlyForDeploymentPostprocessing = 0;
		};
/* End PBXSourcesBuildPhase section */

/* Begin XCBuildConfiguration section */
		B1D9AF251A880BEE00378BE2 /* Debug */ = {
			isa = XCBuildConfiguration;
			buildSettings = {
				ALWAYS_SEARCH_USER_PATHS = NO;
				CLANG_CXX_LANGUAGE_STANDARD = "gnu++0x";
				CLANG_CXX_LIBRARY = "libc++";
				CLANG_ENABLE_MODULES = YES;
				CLANG_ENABLE_OBJC_ARC = YES;
				CLANG_WARN_BOOL_CONVERSION = YES;
				CLANG_WARN_CONSTANT_CONVERSION = YES;
				CLANG_WARN_DIRECT_OBJC_ISA_USAGE = YES_ERROR;
				CLANG_WARN_EMPTY_BODY = YES;
				CLANG_WARN_ENUM_CONVERSION = YES;
				CLANG_WARN_INT_CONVERSION = YES;
				CLANG_WARN_OBJC_ROOT_CLASS = YES_ERROR;
				CLANG_WARN_UNREACHABLE_CODE = YES;
				CLANG_WARN__DUPLICATE_METHOD_MATCH = YES;
				COPY_PHASE_STRIP = NO;
				ENABLE_STRICT_OBJC_MSGSEND = YES;
				GCC_C_LANGUAGE_STANDARD = gnu99;
				GCC_DYNAMIC_NO_PIC = NO;
				GCC_OPTIMIZATION_LEVEL = 0;
				GCC_PREPROCESSOR_DEFINITIONS = (
					"DEBUG=1",
					"$(inherited)",
				);
				GCC_SYMBOLS_PRIVATE_EXTERN = NO;
				GCC_WARN_64_TO_32_BIT_CONVERSION = YES;
				GCC_WARN_ABOUT_RETURN_TYPE = YES_ERROR;
				GCC_WARN_UNDECLARED_SELECTOR = YES;
				GCC_WARN_UNINITIALIZED_AUTOS = YES_AGGRESSIVE;
				GCC_WARN_UNUSED_FUNCTION = YES;
				GCC_WARN_UNUSED_VARIABLE = YES;
				MACOSX_DEPLOYMENT_TARGET = 10.10;
				MTL_ENABLE_DEBUG_INFO = YES;
				ONLY_ACTIVE_ARCH = YES;
				SDKROOT = macosx;
			};
			name = Debug;
		};
		B1D9AF261A880BEE00378BE2 /* Release */ = {
			isa = XCBuildConfiguration;
			buildSettings = {
				ALWAYS_SEARCH_USER_PATHS = NO;
				CLANG_CXX_LANGUAGE_STANDARD = "gnu++0x";
				CLANG_CXX_LIBRARY = "libc++";
				CLANG_ENABLE_MODULES = YES;
				CLANG_ENABLE_OBJC_ARC = YES;
				CLANG_WARN_BOOL_CONVERSION = YES;
				CLANG_WARN_CONSTANT_CONVERSION = YES;
				CLANG_WARN_DIRECT_OBJC_ISA_USAGE = YES_ERROR;
				CLANG_WARN_EMPTY_BODY = YES;
				CLANG_WARN_ENUM_CONVERSION = YES;
				CLANG_WARN_INT_CONVERSION = YES;
				CLANG_WARN_OBJC_ROOT_CLASS = YES_ERROR;
				CLANG_WARN_UNREACHABLE_CODE = YES;
				CLANG_WARN__DUPLICATE_METHOD_MATCH = YES;
				COPY_PHASE_STRIP = YES;
				DEBUG_INFORMATION_FORMAT = "dwarf-with-dsym";
				ENABLE_NS_ASSERTIONS = NO;
				ENABLE_STRICT_OBJC_MSGSEND = YES;
				GCC_C_LANGUAGE_STANDARD = gnu99;
				GCC_WARN_64_TO_32_BIT_CONVERSION = YES;
				GCC_WARN_ABOUT_RETURN_TYPE = YES_ERROR;
				GCC_WARN_UNDECLARED_SELECTOR = YES;
				GCC_WARN_UNINITIALIZED_AUTOS = YES_AGGRESSIVE;
				GCC_WARN_UNUSED_FUNCTION = YES;
				GCC_WARN_UNUSED_VARIABLE = YES;
				MACOSX_DEPLOYMENT_TARGET = 10.10;
				MTL_ENABLE_DEBUG_INFO = NO;
				SDKROOT = macosx;
			};
			name = Release;
		};
		B1D9AF281A880BEE00378BE2 /* Debug */ = {
			isa = XCBuildConfiguration;
			buildSettings = {
				PRODUCT_NAME = "$(TARGET_NAME)";
			};
			name = Debug;
		};
		B1D9AF291A880BEE00378BE2 /* Release */ = {
			isa = XCBuildConfiguration;
			buildSettings = {
				PRODUCT_NAME = "$(TARGET_NAME)";
			};
			name = Release;
		};
/* End XCBuildConfiguration section */

/* Begin XCConfigurationList section */
		B1D9AF1B1A880BEE00378BE2 /* Build configuration list for PBXProject "PBR" */ = {
			isa = XCConfigurationList;
			buildConfigurations = (
				B1D9AF251A880BEE00378BE2 /* Debug */,
				B1D9AF261A880BEE00378BE2 /* Release */,
			);
			defaultConfigurationIsVisible = 0;
			defaultConfigurationName = Release;
		};
		B1D9AF271A880BEE00378BE2 /* Build configuration list for PBXNativeTarget "PBR" */ = {
			isa = XCConfigurationList;
			buildConfigurations = (
				B1D9AF281A880BEE00378BE2 /* Debug */,
				B1D9AF291A880BEE00378BE2 /* Release */,
			);
			defaultConfigurationIsVisible = 0;
		};
/* End XCConfigurationList section */
	};
	rootObject = B1D9AF181A880BEE00378BE2 /* Project object */;
}
